PODS:
  - AFNetworking (2.5.4):
    - AFNetworking/NSURLConnection (= 2.5.4)
    - AFNetworking/NSURLSession (= 2.5.4)
    - AFNetworking/Reachability (= 2.5.4)
    - AFNetworking/Security (= 2.5.4)
    - AFNetworking/Serialization (= 2.5.4)
    - AFNetworking/UIKit (= 2.5.4)
  - AFNetworking/NSURLConnection (2.5.4):
    - AFNetworking/Reachability
    - AFNetworking/Security
    - AFNetworking/Serialization
  - AFNetworking/NSURLSession (2.5.4):
    - AFNetworking/Reachability
    - AFNetworking/Security
    - AFNetworking/Serialization
  - AFNetworking/Reachability (2.5.4)
  - AFNetworking/Security (2.5.4)
  - AFNetworking/Serialization (2.5.4)
  - AFNetworking/UIKit (2.5.4):
    - AFNetworking/NSURLConnection
    - AFNetworking/NSURLSession
  - AFSoundManager (2.1)
  - FMDB (2.5):
    - FMDB/standard (= 2.5)
  - FMDB/common (2.5)
  - FMDB/standard (2.5):
    - FMDB/common
  - Masonry (0.6.3)
  - MJExtension (3.0.7)
  - MJRefresh (3.0.7)
  - ZipArchive (1.4.0)

DEPENDENCIES:
  - AFNetworking
  - AFSoundManager
  - FMDB
  - Masonry
  - MJExtension
  - MJRefresh
  - ZipArchive

SPEC CHECKSUMS:
  AFNetworking: 05edc0ac4c4c8cf57bcf4b84be5b0744b6d8e71e
  AFSoundManager: 232af6154e736e6b2d8c93fafebfafd14fad7510
  FMDB: 96e8f1bcc1329e269330f99770ad4285d9003e52
  Masonry: ff105a956abcd19a618b2028b121cb638d7a8e2f
  MJExtension: 290cc966f0f849b12b6391a38e296e0004ae8e5e
  MJRefresh: f3e1228ec3d38c7ba5208d58032631a52f39f495
  ZipArchive: e25a4373192673e3229ac8d6e9f64a3e5713c966

COCOAPODS: 0.39.0
